{
  "version": "5",
  "redirects": {
    "https://deno.land/x/zod/mod.ts": "https://deno.land/x/zod@v3.25/mod.ts",
    "https://esm.sh/@supabase/phoenix@^0.4.0?target=denonext": "https://esm.sh/@supabase/phoenix@0.4.0?target=denonext",
    "https://esm.sh/@supabase/supabase-js@2": "https://esm.sh/@supabase/supabase-js@2.101.1",
    "https://esm.sh/iceberg-js@^0.8.1?target=denonext": "https://esm.sh/iceberg-js@0.8.1?target=denonext"
  },
  "remote": {
    "https://deno.land/x/zod@v3.25/ZodError.ts": "27b41119736fcdc69cc72e63838bed1e9e1210c7ce721211f02256e06b443b55",
    "https://deno.land/x/zod@v3.25/errors.ts": "5285922d2be9700cc0c70c95e4858952b07ae193aa0224be3cbd5cd5567eabef",
    "https://deno.land/x/zod@v3.25/external.ts": "a6cfbd61e9e097d5f42f8a7ed6f92f93f51ff927d29c9fbaec04f03cbce130fe",
    "https://deno.land/x/zod@v3.25/helpers/enumUtil.ts": "54efc393cc9860e687d8b81ff52e980def00fa67377ad0bf8b3104f8a5bf698c",
    "https://deno.land/x/zod@v3.25/helpers/errorUtil.ts": "7a77328240be7b847af6de9189963bd9f79cab32bbc61502a9db4fe6683e2ea7",
    "https://deno.land/x/zod@v3.25/helpers/parseUtil.ts": "c14814d167cc286972b6e094df88d7d982572a08424b7cd50f862036b6fcaa77",
    "https://deno.land/x/zod@v3.25/helpers/partialUtil.ts": "998c2fe79795257d4d1cf10361e74492f3b7d852f61057c7c08ac0a46488b7e7",
    "https://deno.land/x/zod@v3.25/helpers/typeAliases.ts": "0fda31a063c6736fc3cf9090dd94865c811dfff4f3cb8707b932bf937c6f2c3e",
    "https://deno.land/x/zod@v3.25/helpers/util.ts": "baf6a3d8e0ac1887110a9ce8f73587d31cb2e5646e882a27bf2e774151a53d9b",
    "https://deno.land/x/zod@v3.25/index.ts": "d27aabd973613985574bc31f39e45cb5d856aa122ef094a9f38a463b8ef1a268",
    "https://deno.land/x/zod@v3.25/locales/en.ts": "a7a25cd23563ccb5e0eed214d9b31846305ddbcdb9c5c8f508b108943366ab4c",
    "https://deno.land/x/zod@v3.25/mod.ts": "ec6e2b1255c1a350b80188f97bd0a6bac45801bb46fc48f50b9763aa66046039",
    "https://deno.land/x/zod@v3.25/standard-schema.ts": "4abb2e7bd784fb95d219584673971bb317e74fb4fd0c74c196b558ba46df4456",
    "https://deno.land/x/zod@v3.25/types.ts": "cfdd77407d4b06e79bd63e9cfdb6091489aeb5f432d03a68c0531c1965d001fb",
    "https://esm.sh/@supabase/auth-js@2.101.1/denonext/auth-js.mjs": "7162301a02541f484fb861406488b55840b874898828c2e63825c23a82337829",
    "https://esm.sh/@supabase/functions-js@2.101.1/denonext/functions-js.mjs": "ac1ac4726630634dfa3c6f2b23fd13ab60e354d524447e81f31110611909dd49",
    "https://esm.sh/@supabase/phoenix@0.4.0/denonext/phoenix.mjs": "d9187057b2e3276d1110b9d814f737d4f8eff7f8b2765c4aa6bf7c7c30d070c9",
    "https://esm.sh/@supabase/phoenix@0.4.0?target=denonext": "c1df3cfcdcf13e9cfddf86181efbdd8d4099b9a2682188b74106596277a69d16",
    "https://esm.sh/@supabase/postgrest-js@2.101.1/denonext/postgrest-js.mjs": "13b6b1161878a5e4c00ed733076b9147d25692eeaa897fc95a9a5a62dba5f695",
    "https://esm.sh/@supabase/realtime-js@2.101.1/denonext/realtime-js.mjs": "f2b886aadb983cef7835db8aba0f53346b91d693807a5ac890b38155899b805d",
    "https://esm.sh/@supabase/storage-js@2.101.1/denonext/storage-js.mjs": "d3493bc29c7cfc542573223d6480260b5c4feaa28400e63473477e99442c2289",
    "https://esm.sh/@supabase/supabase-js@2.101.1": "a0b3bce15718ea65beee03d44136fb795fab037a2f7134cc4e0157eee6f8063a",
    "https://esm.sh/@supabase/supabase-js@2.101.1/denonext/supabase-js.mjs": "8d6d7278861982576de3d46daa0bac64b0411898d38ed0ffd8a2e90d069fd79c",
    "https://esm.sh/iceberg-js@0.8.1/denonext/iceberg-js.mjs": "d839d81a2e3966500ca2cdd0c1cb458e9608bacfc91f7bb67a69b2e878dcdb4f",
    "https://esm.sh/iceberg-js@0.8.1?target=denonext": "58c849d7fe2bf4eca4a84eb501e83c161a7d8c34ca1bec15a962b3bec3062633",
    "https://esm.sh/tslib@2.8.1/denonext/tslib.mjs": "c38da5dd6da6281964435002ce204cd586634fe3bdfb24a0ee116f48cf3292e9"
  },
  "workspace": {
    "packageJson": {
      "dependencies": [
        "npm:@azure/msal-browser@^5.6.2",
        "npm:@azure/msal-react@^5.2.0",
        "npm:@eslint/js@^9.32.0",
        "npm:@hookform/resolvers@^3.10.0",
        "npm:@radix-ui/react-accordion@^1.2.11",
        "npm:@radix-ui/react-alert-dialog@^1.1.14",
        "npm:@radix-ui/react-aspect-ratio@^1.1.7",
        "npm:@radix-ui/react-avatar@^1.1.10",
        "npm:@radix-ui/react-checkbox@^1.3.2",
        "npm:@radix-ui/react-collapsible@^1.1.11",
        "npm:@radix-ui/react-context-menu@^2.2.15",
        "npm:@radix-ui/react-dialog@^1.1.14",
        "npm:@radix-ui/react-dropdown-menu@^2.1.15",
        "npm:@radix-ui/react-hover-card@^1.1.14",
        "npm:@radix-ui/react-label@^2.1.7",
        "npm:@radix-ui/react-menubar@^1.1.15",
        "npm:@radix-ui/react-navigation-menu@^1.2.13",
        "npm:@radix-ui/react-popover@^1.1.14",
        "npm:@radix-ui/react-progress@^1.1.7",
        "npm:@radix-ui/react-radio-group@^1.3.7",
        "npm:@radix-ui/react-scroll-area@^1.2.9",
        "npm:@radix-ui/react-select@^2.2.5",
        "npm:@radix-ui/react-separator@^1.1.7",
        "npm:@radix-ui/react-slider@^1.3.5",
        "npm:@radix-ui/react-slot@^1.2.3",
        "npm:@radix-ui/react-switch@^1.2.5",
        "npm:@radix-ui/react-tabs@^1.1.12",
        "npm:@radix-ui/react-toast@^1.2.14",
        "npm:@radix-ui/react-toggle-group@^1.1.10",
        "npm:@radix-ui/react-toggle@^1.1.9",
        "npm:@radix-ui/react-tooltip@^1.2.7",
        "npm:@supabase/supabase-js@^2.94.0",
        "npm:@tailwindcss/typography@~0.5.16",
        "npm:@tanstack/react-query-devtools@^5.96.0",
        "npm:@tanstack/react-query@^5.83.0",
        "npm:@testing-library/jest-dom@^6.9.1",
        "npm:@testing-library/react@14",
        "npm:@types/node@^22.16.5",
        "npm:@types/react-dom@^18.3.7",
        "npm:@types/react@^18.3.23",
        "npm:@vitejs/plugin-react-swc@^3.11.0",
        "npm:autoprefixer@^10.4.21",
        "npm:class-variance-authority@~0.7.1",
        "npm:clsx@^2.1.1",
        "npm:cmdk@^1.1.1",
        "npm:date-fns@^3.6.0",
        "npm:embla-carousel-react@^8.6.0",
        "npm:eslint-plugin-react-hooks@^5.2.0",
        "npm:eslint-plugin-react-refresh@~0.4.20",
        "npm:eslint-plugin-sonarjs@^4.0.2",
        "npm:eslint@^9.32.0",
        "npm:exceljs@^4.4.0",
        "npm:globals@^15.15.0",
        "npm:input-otp@^1.4.2",
        "npm:jscpd@^4.0.8",
        "npm:jsdom@^20.0.3",
        "npm:jspdf-autotable@^5.0.7",
        "npm:jspdf@^4.1.0",
        "npm:lovable-tagger@^1.1.13",
        "npm:lucide-react@0.462",
        "npm:next-themes@0.3",
        "npm:postcss@^8.5.6",
        "npm:powerbi-client-react@^2.0.2",
        "npm:powerbi-client@^2.23.10",
        "npm:react-day-picker@^8.10.1",
        "npm:react-dom@^18.3.1",
        "npm:react-hook-form@^7.61.1",
        "npm:react-resizable-panels@^2.1.9",
        "npm:react-router-dom@^6.30.1",
        "npm:react@^18.3.1",
        "npm:recharts@^2.15.4",
        "npm:sonner@^1.7.4",
        "npm:tailwind-merge@^2.6.0",
        "npm:tailwindcss-animate@^1.0.7",
        "npm:tailwindcss@^3.4.17",
        "npm:typescript-eslint@^8.38.0",
        "npm:typescript@^5.8.3",
        "npm:vaul@~0.9.9",
        "npm:vite@^5.4.19",
        "npm:vitest@^3.2.4",
        "npm:zod@^3.25.76"
      ]
    }
  }
}
